dependencies:
- name: druid
  repository: file://../druid
  version: 1.0.8
- name: mysql
  repository: https://charts.bitnami.com/bitnami
  version: 8.8.21
- name: rabbitmq
  repository: https://charts.bitnami.com/bitnami
  version: 7.6.6
- name: ingress-nginx
  repository: https://kubernetes.github.io/ingress-nginx/
  version: 4.0.9
digest: sha256:31d4c289d11610cb20d60eb14cbe03e04602889634116d49b944dc9f1a6cb4be
generated: "2022-01-17T12:32:35.269368-08:00"
